
Microsoft Visual Studio Solution File, Format Version 12.00
# Visual Studio 14
VisualStudioVersion = 14.0.25420.1
MinimumVisualStudioVersion = 10.0.40219.1
Project("{2150E333-8FDC-42A3-9474-1A3956D46DE8}") = "src", "src", "{95E4D192-DE65-41F1-AC7D-FF5B1F1AAE4B}"
EndProject
Project("{2150E333-8FDC-42A3-9474-1A3956D46DE8}") = "Solution Items", "Solution Items", "{9625772C-FF9A-49FB-B692-152544C602FB}"
	ProjectSection(SolutionItems) = preProject
		global.json = global.json
	EndProjectSection
EndProject
Project("{8BB2217D-0F2D-49D1-97BC-3654ED321F3B}") = "CustomIdentityServerDotNetCore", "src\CustomIdentityServerDotNetCore\CustomIdentityServerDotNetCore.xproj", "{EECC2DDC-35B8-45F8-8CB5-860E9CFE0844}"
EndProject
Global
	GlobalSection(SolutionConfigurationPlatforms) = preSolution
		Debug|Any CPU = Debug|Any CPU
		Release|Any CPU = Release|Any CPU
	EndGlobalSection
	GlobalSection(ProjectConfigurationPlatforms) = postSolution
		{EECC2DDC-35B8-45F8-8CB5-860E9CFE0844}.Debug|Any CPU.ActiveCfg = Debug|Any CPU
		{EECC2DDC-35B8-45F8-8CB5-860E9CFE0844}.Debug|Any CPU.Build.0 = Debug|Any CPU
		{EECC2DDC-35B8-45F8-8CB5-860E9CFE0844}.Release|Any CPU.ActiveCfg = Release|Any CPU
		{EECC2DDC-35B8-45F8-8CB5-860E9CFE0844}.Release|Any CPU.Build.0 = Release|Any CPU
	EndGlobalSection
	GlobalSection(SolutionProperties) = preSolution
		HideSolutionNode = FALSE
	EndGlobalSection
	GlobalSection(NestedProjects) = preSolution
		{EECC2DDC-35B8-45F8-8CB5-860E9CFE0844} = {95E4D192-DE65-41F1-AC7D-FF5B1F1AAE4B}
	EndGlobalSection
EndGlobal
